
Microsoft Visual Studio Solution File, Format Version 10.00
# Visual C# Express 2008
Project("{FAE04EC0-301F-11D3-BF4B-00C04F79EFBC}") = "Terrallax", "Terrallax\Terrallax.csproj", "{941F6F11-BA05-4E93-A672-4A759DAA7060}"
EndProject
Global
	GlobalSection(SolutionConfigurationPlatforms) = preSolution
		Debug|x86 = Debug|x86
		Release|x86 = Release|x86
	EndGlobalSection
	GlobalSection(ProjectConfigurationPlatforms) = postSolution
		{941F6F11-BA05-4E93-A672-4A759DAA7060}.Debug|x86.ActiveCfg = Debug|x86
		{941F6F11-BA05-4E93-A672-4A759DAA7060}.Debug|x86.Build.0 = Debug|x86
		{941F6F11-BA05-4E93-A672-4A759DAA7060}.Release|x86.ActiveCfg = Release|x86
		{941F6F11-BA05-4E93-A672-4A759DAA7060}.Release|x86.Build.0 = Release|x86
		{8738B5D5-CC0B-4F3B-8B9E-9F499B5EB7E0}.Debug|x86.ActiveCfg = Debug|x86
		{8738B5D5-CC0B-4F3B-8B9E-9F499B5EB7E0}.Release|x86.ActiveCfg = Release|x86
	EndGlobalSection
	GlobalSection(SolutionProperties) = preSolution
		HideSolutionNode = FALSE
	EndGlobalSection
EndGlobal
